
Microsoft Visual Studio Solution File, Format Version 12.00
# Visual Studio Version 16
VisualStudioVersion = 16.0.30225.117
MinimumVisualStudioVersion = 10.0.40219.1
Project("{FAE04EC0-301F-11D3-BF4B-00C04F79EFBC}") = "DotnetP5App", "DotnetP5App.csproj", "{01C77632-8DA7-468D-BBF3-98FBD330E47E}"
EndProject
Global
	GlobalSection(SolutionConfigurationPlatforms) = preSolution
		Debug|Any CPU = Debug|Any CPU
		Release|Any CPU = Release|Any CPU
	EndGlobalSection
	GlobalSection(ProjectConfigurationPlatforms) = postSolution
		{01C77632-8DA7-468D-BBF3-98FBD330E47E}.Debug|Any CPU.ActiveCfg = Debug|Any CPU
		{01C77632-8DA7-468D-BBF3-98FBD330E47E}.Debug|Any CPU.Build.0 = Debug|Any CPU
		{01C77632-8DA7-468D-BBF3-98FBD330E47E}.Release|Any CPU.ActiveCfg = Release|Any CPU
		{01C77632-8DA7-468D-BBF3-98FBD330E47E}.Release|Any CPU.Build.0 = Release|Any CPU
	EndGlobalSection
	GlobalSection(SolutionProperties) = preSolution
		HideSolutionNode = FALSE
	EndGlobalSection
	GlobalSection(ExtensibilityGlobals) = postSolution
		SolutionGuid = {7F295D56-C81E-46F1-96E8-9E8182FBD99A}
	EndGlobalSection
EndGlobal
